
Microsoft Visual Studio Solution File, Format Version 12.00
# Visual Studio Version 16
VisualStudioVersion = 16.0.29519.87
MinimumVisualStudioVersion = 10.0.40219.1
Project("{FAE04EC0-301F-11D3-BF4B-00C04F79EFBC}") = "StylesExamp.Android", "StylesExamp\StylesExamp.Android\StylesExamp.Android.csproj", "{D215BE06-649D-4543-872C-CF37573BA399}"
EndProject
Project("{FAE04EC0-301F-11D3-BF4B-00C04F79EFBC}") = "StylesExamp.iOS", "StylesExamp\StylesExamp.iOS\StylesExamp.iOS.csproj", "{98801026-1445-431B-AA26-520B87FC8198}"
EndProject
Project("{FAE04EC0-301F-11D3-BF4B-00C04F79EFBC}") = "StylesExamp", "StylesExamp\StylesExamp\StylesExamp.csproj", "{B4B27223-2732-461E-B63C-DBD3E202461E}"
EndProject
Global
	GlobalSection(SolutionConfigurationPlatforms) = preSolution
		Debug|Any CPU = Debug|Any CPU
		Debug|iPhone = Debug|iPhone
		Debug|iPhoneSimulator = Debug|iPhoneSimulator
		Release|Any CPU = Release|Any CPU
		Release|iPhone = Release|iPhone
		Release|iPhoneSimulator = Release|iPhoneSimulator
	EndGlobalSection
	GlobalSection(ProjectConfigurationPlatforms) = postSolution
		{D215BE06-649D-4543-872C-CF37573BA399}.Debug|Any CPU.ActiveCfg = Debug|Any CPU
		{D215BE06-649D-4543-872C-CF37573BA399}.Debug|Any CPU.Build.0 = Debug|Any CPU
		{D215BE06-649D-4543-872C-CF37573BA399}.Debug|Any CPU.Deploy.0 = Debug|Any CPU
		{D215BE06-649D-4543-872C-CF37573BA399}.Debug|iPhone.ActiveCfg = Debug|Any CPU
		{D215BE06-649D-4543-872C-CF37573BA399}.Debug|iPhone.Build.0 = Debug|Any CPU
		{D215BE06-649D-4543-872C-CF37573BA399}.Debug|iPhone.Deploy.0 = Debug|Any CPU
		{D215BE06-649D-4543-872C-CF37573BA399}.Debug|iPhoneSimulator.ActiveCfg = Debug|Any CPU
		{D215BE06-649D-4543-872C-CF37573BA399}.Debug|iPhoneSimulator.Build.0 = Debug|Any CPU
		{D215BE06-649D-4543-872C-CF37573BA399}.Debug|iPhoneSimulator.Deploy.0 = Debug|Any CPU
		{D215BE06-649D-4543-872C-CF37573BA399}.Release|Any CPU.ActiveCfg = Release|Any CPU
		{D215BE06-649D-4543-872C-CF37573BA399}.Release|Any CPU.Build.0 = Release|Any CPU
		{D215BE06-649D-4543-872C-CF37573BA399}.Release|Any CPU.Deploy.0 = Release|Any CPU
		{D215BE06-649D-4543-872C-CF37573BA399}.Release|iPhone.ActiveCfg = Release|Any CPU
		{D215BE06-649D-4543-872C-CF37573BA399}.Release|iPhone.Build.0 = Release|Any CPU
		{D215BE06-649D-4543-872C-CF37573BA399}.Release|iPhone.Deploy.0 = Release|Any CPU
		{D215BE06-649D-4543-872C-CF37573BA399}.Release|iPhoneSimulator.ActiveCfg = Release|Any CPU
		{D215BE06-649D-4543-872C-CF37573BA399}.Release|iPhoneSimulator.Build.0 = Release|Any CPU
		{D215BE06-649D-4543-872C-CF37573BA399}.Release|iPhoneSimulator.Deploy.0 = Release|Any CPU
		{98801026-1445-431B-AA26-520B87FC8198}.Debug|Any CPU.ActiveCfg = Debug|iPhoneSimulator
		{98801026-1445-431B-AA26-520B87FC8198}.Debug|Any CPU.Build.0 = Debug|iPhoneSimulator
		{98801026-1445-431B-AA26-520B87FC8198}.Debug|Any CPU.Deploy.0 = Debug|iPhoneSimulator
		{98801026-1445-431B-AA26-520B87FC8198}.Debug|iPhone.ActiveCfg = Debug|iPhone
		{98801026-1445-431B-AA26-520B87FC8198}.Debug|iPhone.Build.0 = Debug|iPhone
		{98801026-1445-431B-AA26-520B87FC8198}.Debug|iPhone.Deploy.0 = Debug|iPhone
		{98801026-1445-431B-AA26-520B87FC8198}.Debug|iPhoneSimulator.ActiveCfg = Debug|iPhoneSimulator
		{98801026-1445-431B-AA26-520B87FC8198}.Debug|iPhoneSimulator.Build.0 = Debug|iPhoneSimulator
		{98801026-1445-431B-AA26-520B87FC8198}.Debug|iPhoneSimulator.Deploy.0 = Debug|iPhoneSimulator
		{98801026-1445-431B-AA26-520B87FC8198}.Release|Any CPU.ActiveCfg = Release|iPhone
		{98801026-1445-431B-AA26-520B87FC8198}.Release|Any CPU.Build.0 = Release|iPhone
		{98801026-1445-431B-AA26-520B87FC8198}.Release|Any CPU.Deploy.0 = Release|iPhone
		{98801026-1445-431B-AA26-520B87FC8198}.Release|iPhone.ActiveCfg = Release|iPhone
		{98801026-1445-431B-AA26-520B87FC8198}.Release|iPhone.Build.0 = Release|iPhone
		{98801026-1445-431B-AA26-520B87FC8198}.Release|iPhone.Deploy.0 = Release|iPhone
		{98801026-1445-431B-AA26-520B87FC8198}.Release|iPhoneSimulator.ActiveCfg = Release|iPhoneSimulator
		{98801026-1445-431B-AA26-520B87FC8198}.Release|iPhoneSimulator.Build.0 = Release|iPhoneSimulator
		{98801026-1445-431B-AA26-520B87FC8198}.Release|iPhoneSimulator.Deploy.0 = Release|iPhoneSimulator
		{B4B27223-2732-461E-B63C-DBD3E202461E}.Debug|Any CPU.ActiveCfg = Debug|Any CPU
		{B4B27223-2732-461E-B63C-DBD3E202461E}.Debug|Any CPU.Build.0 = Debug|Any CPU
		{B4B27223-2732-461E-B63C-DBD3E202461E}.Debug|Any CPU.Deploy.0 = Debug|Any CPU
		{B4B27223-2732-461E-B63C-DBD3E202461E}.Debug|iPhone.ActiveCfg = Debug|Any CPU
		{B4B27223-2732-461E-B63C-DBD3E202461E}.Debug|iPhone.Build.0 = Debug|Any CPU
		{B4B27223-2732-461E-B63C-DBD3E202461E}.Debug|iPhone.Deploy.0 = Debug|Any CPU
		{B4B27223-2732-461E-B63C-DBD3E202461E}.Debug|iPhoneSimulator.ActiveCfg = Debug|Any CPU
		{B4B27223-2732-461E-B63C-DBD3E202461E}.Debug|iPhoneSimulator.Build.0 = Debug|Any CPU
		{B4B27223-2732-461E-B63C-DBD3E202461E}.Debug|iPhoneSimulator.Deploy.0 = Debug|Any CPU
		{B4B27223-2732-461E-B63C-DBD3E202461E}.Release|Any CPU.ActiveCfg = Release|Any CPU
		{B4B27223-2732-461E-B63C-DBD3E202461E}.Release|Any CPU.Build.0 = Release|Any CPU
		{B4B27223-2732-461E-B63C-DBD3E202461E}.Release|Any CPU.Deploy.0 = Release|Any CPU
		{B4B27223-2732-461E-B63C-DBD3E202461E}.Release|iPhone.ActiveCfg = Release|Any CPU
		{B4B27223-2732-461E-B63C-DBD3E202461E}.Release|iPhone.Build.0 = Release|Any CPU
		{B4B27223-2732-461E-B63C-DBD3E202461E}.Release|iPhone.Deploy.0 = Release|Any CPU
		{B4B27223-2732-461E-B63C-DBD3E202461E}.Release|iPhoneSimulator.ActiveCfg = Release|Any CPU
		{B4B27223-2732-461E-B63C-DBD3E202461E}.Release|iPhoneSimulator.Build.0 = Release|Any CPU
		{B4B27223-2732-461E-B63C-DBD3E202461E}.Release|iPhoneSimulator.Deploy.0 = Release|Any CPU
	EndGlobalSection
	GlobalSection(SolutionProperties) = preSolution
		HideSolutionNode = FALSE
	EndGlobalSection
	GlobalSection(ExtensibilityGlobals) = postSolution
		SolutionGuid = {4813C4B1-95C5-49C5-870E-EC866E63D3A9}
	EndGlobalSection
EndGlobal
